schema: '2.0'
stages:
  prepare:
    cmd: python src/prepare.py
    deps:
    - path: src/prepare.py
      hash: md5
      md5: 5f396c2e5e3d4ff2aefcb5b838628156
      size: 823
    params:
      params.yaml:
        random_state: 42
        test_size: 0.2
    outs:
    - path: data/processed
      hash: md5
      md5: d50581d65422e375ff7ecf2c565d523a.dir
      size: 3322
      nfiles: 2
  train:
    cmd: python src/train.py
    deps:
    - path: data/processed
      hash: md5
      md5: d50581d65422e375ff7ecf2c565d523a.dir
      size: 3322
      nfiles: 2
    - path: src/train.py
      hash: md5
      md5: 432a5a297e0d2e014b3d5eb8e3d48cf4
      size: 1137
    params:
      params.yaml:
        max_iter: 20
        random_state: 42
    outs:
    - path: model.pkl
      hash: md5
      md5: 3cc361721123edc574524889696acf40
      size: 1014
